
Microsoft Visual Studio Solution File, Format Version 12.00
# Visual Studio Version 17
VisualStudioVersion = 17.0.31903.59
MinimumVisualStudioVersion = 10.0.40219.1
Project("{2150E333-8FDC-42A3-9474-1A3956D46DE8}") = "src", "src", "{35659F41-5BB0-4764-85EE-8C51D063C7BD}"
EndProject
Project("{FAE04EC0-301F-11D3-BF4B-00C04F79EFBC}") = "GrpcMantenance", "src\GrpcMantenance\GrpcMantenance.csproj", "{6062669F-7E4F-40AE-8721-4BCCDE00DCF5}"
EndProject
Global
	GlobalSection(SolutionConfigurationPlatforms) = preSolution
		Debug|Any CPU = Debug|Any CPU
		Release|Any CPU = Release|Any CPU
	EndGlobalSection
	GlobalSection(SolutionProperties) = preSolution
		HideSolutionNode = FALSE
	EndGlobalSection
	GlobalSection(ProjectConfigurationPlatforms) = postSolution
		{6062669F-7E4F-40AE-8721-4BCCDE00DCF5}.Debug|Any CPU.ActiveCfg = Debug|Any CPU
		{6062669F-7E4F-40AE-8721-4BCCDE00DCF5}.Debug|Any CPU.Build.0 = Debug|Any CPU
		{6062669F-7E4F-40AE-8721-4BCCDE00DCF5}.Release|Any CPU.ActiveCfg = Release|Any CPU
		{6062669F-7E4F-40AE-8721-4BCCDE00DCF5}.Release|Any CPU.Build.0 = Release|Any CPU
	EndGlobalSection
	GlobalSection(NestedProjects) = preSolution
		{6062669F-7E4F-40AE-8721-4BCCDE00DCF5} = {35659F41-5BB0-4764-85EE-8C51D063C7BD}
	EndGlobalSection
EndGlobal
